
Microsoft Visual Studio Solution File, Format Version 12.00
# Visual Studio 14
VisualStudioVersion = 14.0.25123.0
MinimumVisualStudioVersion = 10.0.40219.1
Project("{FAE04EC0-301F-11D3-BF4B-00C04F79EFBC}") = "3D_LayoutOpt", "3D_LayoutOpt.csproj", "{DFD48F70-3DC2-44F8-9188-3D501C215EDD}"
EndProject
Project("{FAE04EC0-301F-11D3-BF4B-00C04F79EFBC}") = "importTester", "..\importTester\importTester.csproj", "{4D4D39D6-8AE3-4ADC-B070-BAE3C0FBD73B}"
EndProject
Project("{FAE04EC0-301F-11D3-BF4B-00C04F79EFBC}") = "TessellationAndVoxelizationGeometryLibraryUniversal", "TessellationAndVoxelizationGeometryLibrary\TessellationAndVoxelizationGeometryLibraryUniversal.csproj", "{E3489019-D590-46A8-B2C2-E3481E8DB77C}"
EndProject
Project("{FAE04EC0-301F-11D3-BF4B-00C04F79EFBC}") = "TessellationAndVoxelizationGeometryLibrary.NET4.5", "TessellationAndVoxelizationGeometryLibrary.NET4.5\TessellationAndVoxelizationGeometryLibrary.NET4.5.csproj", "{B2D2586A-5F3B-4122-B10E-4AC143C05EA4}"
EndProject
Project("{FAE04EC0-301F-11D3-BF4B-00C04F79EFBC}") = "MIConvexHull", "MIConvexHull\MIConvexHull.csproj", "{2337776D-7D0C-40AA-A439-C26C3CE24FAB}"
EndProject
Global
	GlobalSection(SolutionConfigurationPlatforms) = preSolution
		Debug|Any CPU = Debug|Any CPU
		Release|Any CPU = Release|Any CPU
	EndGlobalSection
	GlobalSection(ProjectConfigurationPlatforms) = postSolution
		{DFD48F70-3DC2-44F8-9188-3D501C215EDD}.Debug|Any CPU.ActiveCfg = Debug|Any CPU
		{DFD48F70-3DC2-44F8-9188-3D501C215EDD}.Debug|Any CPU.Build.0 = Debug|Any CPU
		{DFD48F70-3DC2-44F8-9188-3D501C215EDD}.Release|Any CPU.ActiveCfg = Release|Any CPU
		{DFD48F70-3DC2-44F8-9188-3D501C215EDD}.Release|Any CPU.Build.0 = Release|Any CPU
		{4D4D39D6-8AE3-4ADC-B070-BAE3C0FBD73B}.Debug|Any CPU.ActiveCfg = Debug|Any CPU
		{4D4D39D6-8AE3-4ADC-B070-BAE3C0FBD73B}.Debug|Any CPU.Build.0 = Debug|Any CPU
		{4D4D39D6-8AE3-4ADC-B070-BAE3C0FBD73B}.Release|Any CPU.ActiveCfg = Release|Any CPU
		{4D4D39D6-8AE3-4ADC-B070-BAE3C0FBD73B}.Release|Any CPU.Build.0 = Release|Any CPU
		{E3489019-D590-46A8-B2C2-E3481E8DB77C}.Debug|Any CPU.ActiveCfg = Debug|Any CPU
		{E3489019-D590-46A8-B2C2-E3481E8DB77C}.Debug|Any CPU.Build.0 = Debug|Any CPU
		{E3489019-D590-46A8-B2C2-E3481E8DB77C}.Release|Any CPU.ActiveCfg = Release|Any CPU
		{E3489019-D590-46A8-B2C2-E3481E8DB77C}.Release|Any CPU.Build.0 = Release|Any CPU
		{B2D2586A-5F3B-4122-B10E-4AC143C05EA4}.Debug|Any CPU.ActiveCfg = Debug|Any CPU
		{B2D2586A-5F3B-4122-B10E-4AC143C05EA4}.Debug|Any CPU.Build.0 = Debug|Any CPU
		{B2D2586A-5F3B-4122-B10E-4AC143C05EA4}.Release|Any CPU.ActiveCfg = Release|Any CPU
		{B2D2586A-5F3B-4122-B10E-4AC143C05EA4}.Release|Any CPU.Build.0 = Release|Any CPU
		{2337776D-7D0C-40AA-A439-C26C3CE24FAB}.Debug|Any CPU.ActiveCfg = Debug|Any CPU
		{2337776D-7D0C-40AA-A439-C26C3CE24FAB}.Debug|Any CPU.Build.0 = Debug|Any CPU
		{2337776D-7D0C-40AA-A439-C26C3CE24FAB}.Release|Any CPU.ActiveCfg = Release|Any CPU
		{2337776D-7D0C-40AA-A439-C26C3CE24FAB}.Release|Any CPU.Build.0 = Release|Any CPU
	EndGlobalSection
	GlobalSection(SolutionProperties) = preSolution
		HideSolutionNode = FALSE
	EndGlobalSection
EndGlobal
